
Microsoft Visual Studio Solution File, Format Version 12.00
# Visual Studio Version 17
VisualStudioVersion = 17.7.34031.279
MinimumVisualStudioVersion = 10.0.40219.1
Project("{FAE04EC0-301F-11D3-BF4B-00C04F79EFBC}") = "MauiAndroidMrz", "MauiAndroidMrz.csproj", "{7489192C-7BFF-4A22-9A8F-A2006BD4FD7F}"
EndProject
Global
	GlobalSection(SolutionConfigurationPlatforms) = preSolution
		Debug|Any CPU = Debug|Any CPU
		Release|Any CPU = Release|Any CPU
	EndGlobalSection
	GlobalSection(ProjectConfigurationPlatforms) = postSolution
		{7489192C-7BFF-4A22-9A8F-A2006BD4FD7F}.Debug|Any CPU.ActiveCfg = Debug|Any CPU
		{7489192C-7BFF-4A22-9A8F-A2006BD4FD7F}.Debug|Any CPU.Build.0 = Debug|Any CPU
		{7489192C-7BFF-4A22-9A8F-A2006BD4FD7F}.Debug|Any CPU.Deploy.0 = Debug|Any CPU
		{7489192C-7BFF-4A22-9A8F-A2006BD4FD7F}.Release|Any CPU.ActiveCfg = Release|Any CPU
		{7489192C-7BFF-4A22-9A8F-A2006BD4FD7F}.Release|Any CPU.Build.0 = Release|Any CPU
		{7489192C-7BFF-4A22-9A8F-A2006BD4FD7F}.Release|Any CPU.Deploy.0 = Release|Any CPU
	EndGlobalSection
	GlobalSection(SolutionProperties) = preSolution
		HideSolutionNode = FALSE
	EndGlobalSection
	GlobalSection(ExtensibilityGlobals) = postSolution
		SolutionGuid = {15768FCA-AD33-488A-A4CF-CC6500F5DCEB}
	EndGlobalSection
EndGlobal
